
Microsoft Visual Studio Solution File, Format Version 12.00
# Visual Studio Version 16
VisualStudioVersion = 16.0.31624.102
MinimumVisualStudioVersion = 10.0.40219.1
Project("{9A19103F-16F7-4668-BE54-9A1E7A4F7556}") = "HelloWorldLibrary", "HelloWorldLibrary\HelloWorldLibrary.csproj", "{982D68E6-224E-4D81-861D-449ED36D2E4F}"
EndProject
Project("{FAE04EC0-301F-11D3-BF4B-00C04F79EFBC}") = "HelloWorldLibrary.Tests", "HelloWorldLibrary.Tests\HelloWorldLibrary.Tests.csproj", "{8F9A1F99-63A8-4D52-B406-07E89A40BDDD}"
EndProject
Global
	GlobalSection(SolutionConfigurationPlatforms) = preSolution
		Debug|Any CPU = Debug|Any CPU
		Release|Any CPU = Release|Any CPU
	EndGlobalSection
	GlobalSection(ProjectConfigurationPlatforms) = postSolution
		{982D68E6-224E-4D81-861D-449ED36D2E4F}.Debug|Any CPU.ActiveCfg = Debug|Any CPU
		{982D68E6-224E-4D81-861D-449ED36D2E4F}.Debug|Any CPU.Build.0 = Debug|Any CPU
		{982D68E6-224E-4D81-861D-449ED36D2E4F}.Release|Any CPU.ActiveCfg = Release|Any CPU
		{982D68E6-224E-4D81-861D-449ED36D2E4F}.Release|Any CPU.Build.0 = Release|Any CPU
		{8F9A1F99-63A8-4D52-B406-07E89A40BDDD}.Debug|Any CPU.ActiveCfg = Debug|Any CPU
		{8F9A1F99-63A8-4D52-B406-07E89A40BDDD}.Debug|Any CPU.Build.0 = Debug|Any CPU
		{8F9A1F99-63A8-4D52-B406-07E89A40BDDD}.Release|Any CPU.ActiveCfg = Release|Any CPU
		{8F9A1F99-63A8-4D52-B406-07E89A40BDDD}.Release|Any CPU.Build.0 = Release|Any CPU
	EndGlobalSection
	GlobalSection(SolutionProperties) = preSolution
		HideSolutionNode = FALSE
	EndGlobalSection
	GlobalSection(ExtensibilityGlobals) = postSolution
		SolutionGuid = {7015FDFC-8216-4D76-A3BE-858E33360DEC}
	EndGlobalSection
EndGlobal
